
Microsoft Visual Studio Solution File, Format Version 12.00
# Visual Studio Version 17
VisualStudioVersion = 17.5.002.0
MinimumVisualStudioVersion = 10.0.40219.1
Project("{2150E333-8FDC-42A3-9474-1A3956D46DE8}") = "sandbox", "sandbox", "{25AFF36B-5539-49C8-96EA-AFC2A5732DC0}"
EndProject
Project("{9A19103F-16F7-4668-BE54-9A1E7A4F7556}") = "sandbox_project", "sandbox\sandbox_project\sandbox_project.csproj", "{8A46A313-33D3-411D-8E9D-14FD70A18EC4}"
EndProject
Project("{2150E333-8FDC-42A3-9474-1A3956D46DE8}") = "week01", "week01", "{F981BA87-09AD-4F62-8E70-D16DFD1554D6}"
EndProject
Project("{9A19103F-16F7-4668-BE54-9A1E7A4F7556}") = "analyze", "week01\analyze\analyze.csproj", "{656692BF-26D4-4C60-9FE2-2AFCFD89BCF7}"
EndProject
Project("{9A19103F-16F7-4668-BE54-9A1E7A4F7556}") = "code", "week01\code\code.csproj", "{30083CD3-40FE-4D75-8933-82712DBB8910}"
EndProject
Project("{9A19103F-16F7-4668-BE54-9A1E7A4F7556}") = "teach", "week01\teach\teach.csproj", "{F7436622-3D05-48D8-A4E2-9227F89DBF73}"
EndProject
Project("{2150E333-8FDC-42A3-9474-1A3956D46DE8}") = "week02", "week02", "{48412B92-FBDD-454B-8081-410B04A06113}"
EndProject
Project("{9A19103F-16F7-4668-BE54-9A1E7A4F7556}") = "analyze", "week02\analyze\analyze.csproj", "{C6D61B8F-0980-40E3-8661-B2EC572C0E7E}"
EndProject
Project("{9A19103F-16F7-4668-BE54-9A1E7A4F7556}") = "code", "week02\code\code.csproj", "{943F12C4-578E-444F-91F3-660634A29D97}"
EndProject
Project("{9A19103F-16F7-4668-BE54-9A1E7A4F7556}") = "learn", "week02\learn\learn.csproj", "{69B932FA-F114-4450-BDFC-344C14E10DB1}"
EndProject
Project("{9A19103F-16F7-4668-BE54-9A1E7A4F7556}") = "teach", "week02\teach\teach.csproj", "{CE959DA8-72FB-4E4B-8989-8B2AA05C901C}"
EndProject
Project("{2150E333-8FDC-42A3-9474-1A3956D46DE8}") = "week03", "week03", "{4D16CCC0-1156-4087-A90B-3D491C1168F5}"
EndProject
Project("{9A19103F-16F7-4668-BE54-9A1E7A4F7556}") = "code", "week03\code\code.csproj", "{90FF5B53-8644-4823-9048-96721AF12C97}"
EndProject
Project("{9A19103F-16F7-4668-BE54-9A1E7A4F7556}") = "learn", "week03\learn\learn.csproj", "{F35D3DD6-FAB5-4BCA-8503-EE9A4F7C5143}"
EndProject
Project("{9A19103F-16F7-4668-BE54-9A1E7A4F7556}") = "teach", "week03\teach\teach.csproj", "{A29913FA-E2CE-4EEB-882B-6BF35F19513E}"
EndProject
Project("{2150E333-8FDC-42A3-9474-1A3956D46DE8}") = "week04", "week04", "{2029D539-C969-4827-BB3C-F56CECD56D3E}"
EndProject
Project("{9A19103F-16F7-4668-BE54-9A1E7A4F7556}") = "code", "week04\code\code.csproj", "{CC8C3D20-61AC-4580-9021-D72CEE1FB10F}"
EndProject
Project("{2150E333-8FDC-42A3-9474-1A3956D46DE8}") = "week05", "week05", "{52AB89D3-67C6-4D0F-800F-30584498E74D}"
EndProject
Project("{9A19103F-16F7-4668-BE54-9A1E7A4F7556}") = "code", "week05\code\code.csproj", "{B41293C1-F46E-42C4-A7C4-9E8DB879136E}"
EndProject
Project("{2150E333-8FDC-42A3-9474-1A3956D46DE8}") = "week06", "week06", "{4684015D-4CE5-4059-A469-8869B47F8AC7}"
EndProject
Project("{9A19103F-16F7-4668-BE54-9A1E7A4F7556}") = "code", "week06\code\code.csproj", "{75028B26-38F8-41AA-A307-FCD414911B63}"
EndProject
Global
	GlobalSection(SolutionConfigurationPlatforms) = preSolution
		Debug|Any CPU = Debug|Any CPU
		Release|Any CPU = Release|Any CPU
	EndGlobalSection
	GlobalSection(ProjectConfigurationPlatforms) = postSolution
		{8A46A313-33D3-411D-8E9D-14FD70A18EC4}.Debug|Any CPU.ActiveCfg = Debug|Any CPU
		{8A46A313-33D3-411D-8E9D-14FD70A18EC4}.Debug|Any CPU.Build.0 = Debug|Any CPU
		{8A46A313-33D3-411D-8E9D-14FD70A18EC4}.Release|Any CPU.ActiveCfg = Release|Any CPU
		{8A46A313-33D3-411D-8E9D-14FD70A18EC4}.Release|Any CPU.Build.0 = Release|Any CPU
		{656692BF-26D4-4C60-9FE2-2AFCFD89BCF7}.Debug|Any CPU.ActiveCfg = Debug|Any CPU
		{656692BF-26D4-4C60-9FE2-2AFCFD89BCF7}.Debug|Any CPU.Build.0 = Debug|Any CPU
		{656692BF-26D4-4C60-9FE2-2AFCFD89BCF7}.Release|Any CPU.ActiveCfg = Release|Any CPU
		{656692BF-26D4-4C60-9FE2-2AFCFD89BCF7}.Release|Any CPU.Build.0 = Release|Any CPU
		{30083CD3-40FE-4D75-8933-82712DBB8910}.Debug|Any CPU.ActiveCfg = Debug|Any CPU
		{30083CD3-40FE-4D75-8933-82712DBB8910}.Debug|Any CPU.Build.0 = Debug|Any CPU
		{30083CD3-40FE-4D75-8933-82712DBB8910}.Release|Any CPU.ActiveCfg = Release|Any CPU
		{30083CD3-40FE-4D75-8933-82712DBB8910}.Release|Any CPU.Build.0 = Release|Any CPU
		{F7436622-3D05-48D8-A4E2-9227F89DBF73}.Debug|Any CPU.ActiveCfg = Debug|Any CPU
		{F7436622-3D05-48D8-A4E2-9227F89DBF73}.Debug|Any CPU.Build.0 = Debug|Any CPU
		{F7436622-3D05-48D8-A4E2-9227F89DBF73}.Release|Any CPU.ActiveCfg = Release|Any CPU
		{F7436622-3D05-48D8-A4E2-9227F89DBF73}.Release|Any CPU.Build.0 = Release|Any CPU
		{C6D61B8F-0980-40E3-8661-B2EC572C0E7E}.Debug|Any CPU.ActiveCfg = Debug|Any CPU
		{C6D61B8F-0980-40E3-8661-B2EC572C0E7E}.Debug|Any CPU.Build.0 = Debug|Any CPU
		{C6D61B8F-0980-40E3-8661-B2EC572C0E7E}.Release|Any CPU.ActiveCfg = Release|Any CPU
		{C6D61B8F-0980-40E3-8661-B2EC572C0E7E}.Release|Any CPU.Build.0 = Release|Any CPU
		{943F12C4-578E-444F-91F3-660634A29D97}.Debug|Any CPU.ActiveCfg = Debug|Any CPU
		{943F12C4-578E-444F-91F3-660634A29D97}.Debug|Any CPU.Build.0 = Debug|Any CPU
		{943F12C4-578E-444F-91F3-660634A29D97}.Release|Any CPU.ActiveCfg = Release|Any CPU
		{943F12C4-578E-444F-91F3-660634A29D97}.Release|Any CPU.Build.0 = Release|Any CPU
		{69B932FA-F114-4450-BDFC-344C14E10DB1}.Debug|Any CPU.ActiveCfg = Debug|Any CPU
		{69B932FA-F114-4450-BDFC-344C14E10DB1}.Debug|Any CPU.Build.0 = Debug|Any CPU
		{69B932FA-F114-4450-BDFC-344C14E10DB1}.Release|Any CPU.ActiveCfg = Release|Any CPU
		{69B932FA-F114-4450-BDFC-344C14E10DB1}.Release|Any CPU.Build.0 = Release|Any CPU
		{CE959DA8-72FB-4E4B-8989-8B2AA05C901C}.Debug|Any CPU.ActiveCfg = Debug|Any CPU
		{CE959DA8-72FB-4E4B-8989-8B2AA05C901C}.Debug|Any CPU.Build.0 = Debug|Any CPU
		{CE959DA8-72FB-4E4B-8989-8B2AA05C901C}.Release|Any CPU.ActiveCfg = Release|Any CPU
		{CE959DA8-72FB-4E4B-8989-8B2AA05C901C}.Release|Any CPU.Build.0 = Release|Any CPU
		{90FF5B53-8644-4823-9048-96721AF12C97}.Debug|Any CPU.ActiveCfg = Debug|Any CPU
		{90FF5B53-8644-4823-9048-96721AF12C97}.Debug|Any CPU.Build.0 = Debug|Any CPU
		{90FF5B53-8644-4823-9048-96721AF12C97}.Release|Any CPU.ActiveCfg = Release|Any CPU
		{90FF5B53-8644-4823-9048-96721AF12C97}.Release|Any CPU.Build.0 = Release|Any CPU
		{F35D3DD6-FAB5-4BCA-8503-EE9A4F7C5143}.Debug|Any CPU.ActiveCfg = Debug|Any CPU
		{F35D3DD6-FAB5-4BCA-8503-EE9A4F7C5143}.Debug|Any CPU.Build.0 = Debug|Any CPU
		{F35D3DD6-FAB5-4BCA-8503-EE9A4F7C5143}.Release|Any CPU.ActiveCfg = Release|Any CPU
		{F35D3DD6-FAB5-4BCA-8503-EE9A4F7C5143}.Release|Any CPU.Build.0 = Release|Any CPU
		{A29913FA-E2CE-4EEB-882B-6BF35F19513E}.Debug|Any CPU.ActiveCfg = Debug|Any CPU
		{A29913FA-E2CE-4EEB-882B-6BF35F19513E}.Debug|Any CPU.Build.0 = Debug|Any CPU
		{A29913FA-E2CE-4EEB-882B-6BF35F19513E}.Release|Any CPU.ActiveCfg = Release|Any CPU
		{A29913FA-E2CE-4EEB-882B-6BF35F19513E}.Release|Any CPU.Build.0 = Release|Any CPU
		{CC8C3D20-61AC-4580-9021-D72CEE1FB10F}.Debug|Any CPU.ActiveCfg = Debug|Any CPU
		{CC8C3D20-61AC-4580-9021-D72CEE1FB10F}.Debug|Any CPU.Build.0 = Debug|Any CPU
		{CC8C3D20-61AC-4580-9021-D72CEE1FB10F}.Release|Any CPU.ActiveCfg = Release|Any CPU
		{CC8C3D20-61AC-4580-9021-D72CEE1FB10F}.Release|Any CPU.Build.0 = Release|Any CPU
		{B41293C1-F46E-42C4-A7C4-9E8DB879136E}.Debug|Any CPU.ActiveCfg = Debug|Any CPU
		{B41293C1-F46E-42C4-A7C4-9E8DB879136E}.Debug|Any CPU.Build.0 = Debug|Any CPU
		{B41293C1-F46E-42C4-A7C4-9E8DB879136E}.Release|Any CPU.ActiveCfg = Release|Any CPU
		{B41293C1-F46E-42C4-A7C4-9E8DB879136E}.Release|Any CPU.Build.0 = Release|Any CPU
		{75028B26-38F8-41AA-A307-FCD414911B63}.Debug|Any CPU.ActiveCfg = Debug|Any CPU
		{75028B26-38F8-41AA-A307-FCD414911B63}.Debug|Any CPU.Build.0 = Debug|Any CPU
		{75028B26-38F8-41AA-A307-FCD414911B63}.Release|Any CPU.ActiveCfg = Release|Any CPU
		{75028B26-38F8-41AA-A307-FCD414911B63}.Release|Any CPU.Build.0 = Release|Any CPU
	EndGlobalSection
	GlobalSection(SolutionProperties) = preSolution
		HideSolutionNode = FALSE
	EndGlobalSection
	GlobalSection(NestedProjects) = preSolution
		{8A46A313-33D3-411D-8E9D-14FD70A18EC4} = {25AFF36B-5539-49C8-96EA-AFC2A5732DC0}
		{656692BF-26D4-4C60-9FE2-2AFCFD89BCF7} = {F981BA87-09AD-4F62-8E70-D16DFD1554D6}
		{30083CD3-40FE-4D75-8933-82712DBB8910} = {F981BA87-09AD-4F62-8E70-D16DFD1554D6}
		{F7436622-3D05-48D8-A4E2-9227F89DBF73} = {F981BA87-09AD-4F62-8E70-D16DFD1554D6}
		{C6D61B8F-0980-40E3-8661-B2EC572C0E7E} = {48412B92-FBDD-454B-8081-410B04A06113}
		{943F12C4-578E-444F-91F3-660634A29D97} = {48412B92-FBDD-454B-8081-410B04A06113}
		{69B932FA-F114-4450-BDFC-344C14E10DB1} = {48412B92-FBDD-454B-8081-410B04A06113}
		{CE959DA8-72FB-4E4B-8989-8B2AA05C901C} = {48412B92-FBDD-454B-8081-410B04A06113}
		{90FF5B53-8644-4823-9048-96721AF12C97} = {4D16CCC0-1156-4087-A90B-3D491C1168F5}
		{F35D3DD6-FAB5-4BCA-8503-EE9A4F7C5143} = {4D16CCC0-1156-4087-A90B-3D491C1168F5}
		{A29913FA-E2CE-4EEB-882B-6BF35F19513E} = {4D16CCC0-1156-4087-A90B-3D491C1168F5}
		{CC8C3D20-61AC-4580-9021-D72CEE1FB10F} = {2029D539-C969-4827-BB3C-F56CECD56D3E}
		{B41293C1-F46E-42C4-A7C4-9E8DB879136E} = {52AB89D3-67C6-4D0F-800F-30584498E74D}
		{75028B26-38F8-41AA-A307-FCD414911B63} = {4684015D-4CE5-4059-A469-8869B47F8AC7}
	EndGlobalSection
	GlobalSection(ExtensibilityGlobals) = postSolution
		SolutionGuid = {7BD5F562-BF0C-400E-920C-6756D0B3EBA9}
	EndGlobalSection
EndGlobal
